// !$*UTF8*$!
{
	archiveVersion = 1;
	classes = {
	};
	objectVersion = 46;
	objects = {

/* Begin PBXBuildFile section */
		6D0119031BC4BC5F004758FA /* Token.swift in Sources */ = {isa = PBXBuildFile; fileRef = 6D0119021BC4BC5F004758FA /* Token.swift */; };
		6D12EBDB1BBA4E8B00D6D49E /* LegoReaderDriver.swift in Sources */ = {isa = PBXBuildFile; fileRef = 6D12EBDA1BBA4E8B00D6D49E /* LegoReaderDriver.swift */; };
		6D12EBDD1BBA50DC00D6D49E /* Message.swift in Sources */ = {isa = PBXBuildFile; fileRef = 6D12EBDC1BBA50DC00D6D49E /* Message.swift */; };
		6D4F1B8A1BB8437B004149DE /* AppDelegate.swift in Sources */ = {isa = PBXBuildFile; fileRef = 6D4F1B891BB8437B004149DE /* AppDelegate.swift */; };
		6D4F1B8C1BB8437B004149DE /* ViewController.swift in Sources */ = {isa = PBXBuildFile; fileRef = 6D4F1B8B1BB8437B004149DE /* ViewController.swift */; };
		6D4F1B8E1BB8437B004149DE /* Assets.xcassets in Resources */ = {isa = PBXBuildFile; fileRef = 6D4F1B8D1BB8437B004149DE /* Assets.xcassets */; };
		6D4F1B911BB8437B004149DE /* Main.storyboard in Resources */ = {isa = PBXBuildFile; fileRef = 6D4F1B8F1BB8437B004149DE /* Main.storyboard */; };
		6D4F1B991BB843A0004149DE /* LegoReader.swift in Sources */ = {isa = PBXBuildFile; fileRef = 6D4F1B981BB843A0004149DE /* LegoReader.swift */; };
		6D5052161BC8B905000D4BCB /* NSColor+hex.swift in Sources */ = {isa = PBXBuildFile; fileRef = 6D5052151BC8B905000D4BCB /* NSColor+hex.swift */; };
		6D6549011BBB6D670018500C /* NSData+fromHex.swift in Sources */ = {isa = PBXBuildFile; fileRef = 6D6549001BBB6D670018500C /* NSData+fromHex.swift */; };
		6D7E2CE11C23B88300EC553A /* TEA.swift in Sources */ = {isa = PBXBuildFile; fileRef = 6D7E2CE01C23B88300EC553A /* TEA.swift */; };
		6D7E2CE31C23C24C00EC553A /* ModifiedBurtle.swift in Sources */ = {isa = PBXBuildFile; fileRef = 6D7E2CE21C23C24C00EC553A /* ModifiedBurtle.swift */; };
		6DC3F1341BC08C0200DB31D5 /* Command.swift in Sources */ = {isa = PBXBuildFile; fileRef = 6DC3F1301BC08C0200DB31D5 /* Command.swift */; };
		6DC3F1351BC08C0200DB31D5 /* Report.swift in Sources */ = {isa = PBXBuildFile; fileRef = 6DC3F1311BC08C0200DB31D5 /* Report.swift */; };
		6DC3F1361BC08C0200DB31D5 /* Response.swift in Sources */ = {isa = PBXBuildFile; fileRef = 6DC3F1321BC08C0200DB31D5 /* Response.swift */; };
		6DC3F1371BC08C0200DB31D5 /* Update.swift in Sources */ = {isa = PBXBuildFile; fileRef = 6DC3F1331BC08C0200DB31D5 /* Update.swift */; };
		6DC3F13A1BC0971D00DB31D5 /* NTAG213.swift in Sources */ = {isa = PBXBuildFile; fileRef = 6DC3F1391BC0971D00DB31D5 /* NTAG213.swift */; };
		6DC3F13C1BC0BFC600DB31D5 /* NDEF.swift in Sources */ = {isa = PBXBuildFile; fileRef = 6DC3F13B1BC0BFC600DB31D5 /* NDEF.swift */; };
		6DF90FB71C44A0D200C4B7B3 /* UInt32+rotate.swift in Sources */ = {isa = PBXBuildFile; fileRef = 6DF90FB61C44A0D200C4B7B3 /* UInt32+rotate.swift */; };
/* End PBXBuildFile section */

/* Begin PBXFileReference section */
		6D0119021BC4BC5F004758FA /* Token.swift */ = {isa = PBXFileReference; fileEncoding = 4; lastKnownFileType = sourcecode.swift; path = Token.swift; sourceTree = "<group>"; };
		6D12EBDA1BBA4E8B00D6D49E /* LegoReaderDriver.swift */ = {isa = PBXFileReference; fileEncoding = 4; lastKnownFileType = sourcecode.swift; path = LegoReaderDriver.swift; sourceTree = "<group>"; };
		6D12EBDC1BBA50DC00D6D49E /* Message.swift */ = {isa = PBXFileReference; fileEncoding = 4; lastKnownFileType = sourcecode.swift; path = Message.swift; sourceTree = "<group>"; };
		6D4F1B861BB8437B004149DE /* LDIO.app */ = {isa = PBXFileReference; explicitFileType = wrapper.application; includeInIndex = 0; path = LDIO.app; sourceTree = BUILT_PRODUCTS_DIR; };
		6D4F1B891BB8437B004149DE /* AppDelegate.swift */ = {isa = PBXFileReference; lastKnownFileType = sourcecode.swift; path = AppDelegate.swift; sourceTree = "<group>"; };
		6D4F1B8B1BB8437B004149DE /* ViewController.swift */ = {isa = PBXFileReference; lastKnownFileType = sourcecode.swift; path = ViewController.swift; sourceTree = "<group>"; };
		6D4F1B8D1BB8437B004149DE /* Assets.xcassets */ = {isa = PBXFileReference; lastKnownFileType = folder.assetcatalog; path = Assets.xcassets; sourceTree = "<group>"; };
		6D4F1B901BB8437B004149DE /* Base */ = {isa = PBXFileReference; lastKnownFileType = file.storyboard; name = Base; path = Base.lproj/Main.storyboard; sourceTree = "<group>"; };
		6D4F1B921BB8437B004149DE /* Info.plist */ = {isa = PBXFileReference; lastKnownFileType = text.plist.xml; path = Info.plist; sourceTree = "<group>"; };
		6D4F1B981BB843A0004149DE /* LegoReader.swift */ = {isa = PBXFileReference; fileEncoding = 4; lastKnownFileType = sourcecode.swift; path = LegoReader.swift; sourceTree = "<group>"; };
		6D5052151BC8B905000D4BCB /* NSColor+hex.swift */ = {isa = PBXFileReference; fileEncoding = 4; lastKnownFileType = sourcecode.swift; path = "NSColor+hex.swift"; sourceTree = "<group>"; };
		6D6549001BBB6D670018500C /* NSData+fromHex.swift */ = {isa = PBXFileReference; fileEncoding = 4; lastKnownFileType = sourcecode.swift; path = "NSData+fromHex.swift"; sourceTree = "<group>"; };
		6D7E2CE01C23B88300EC553A /* TEA.swift */ = {isa = PBXFileReference; fileEncoding = 4; lastKnownFileType = sourcecode.swift; path = TEA.swift; sourceTree = "<group>"; };
		6D7E2CE21C23C24C00EC553A /* ModifiedBurtle.swift */ = {isa = PBXFileReference; fileEncoding = 4; lastKnownFileType = sourcecode.swift; path = ModifiedBurtle.swift; sourceTree = "<group>"; };
		6DC3F1301BC08C0200DB31D5 /* Command.swift */ = {isa = PBXFileReference; fileEncoding = 4; lastKnownFileType = sourcecode.swift; path = Command.swift; sourceTree = "<group>"; };
		6DC3F1311BC08C0200DB31D5 /* Report.swift */ = {isa = PBXFileReference; fileEncoding = 4; lastKnownFileType = sourcecode.swift; path = Report.swift; sourceTree = "<group>"; };
		6DC3F1321BC08C0200DB31D5 /* Response.swift */ = {isa = PBXFileReference; fileEncoding = 4; lastKnownFileType = sourcecode.swift; path = Response.swift; sourceTree = "<group>"; };
		6DC3F1331BC08C0200DB31D5 /* Update.swift */ = {isa = PBXFileReference; fileEncoding = 4; lastKnownFileType = sourcecode.swift; path = Update.swift; sourceTree = "<group>"; };
		6DC3F1391BC0971D00DB31D5 /* NTAG213.swift */ = {isa = PBXFileReference; fileEncoding = 4; lastKnownFileType = sourcecode.swift; path = NTAG213.swift; sourceTree = "<group>"; };
		6DC3F13B1BC0BFC600DB31D5 /* NDEF.swift */ = {isa = PBXFileReference; fileEncoding = 4; lastKnownFileType = sourcecode.swift; path = NDEF.swift; sourceTree = "<group>"; };
		6DF90FB61C44A0D200C4B7B3 /* UInt32+rotate.swift */ = {isa = PBXFileReference; fileEncoding = 4; lastKnownFileType = sourcecode.swift; path = "UInt32+rotate.swift"; sourceTree = "<group>"; };
/* End PBXFileReference section */

/* Begin PBXFrameworksBuildPhase section */
		6D4F1B831BB8437B004149DE /* Frameworks */ = {
			isa = PBXFrameworksBuildPhase;
			buildActionMask = 2147483647;
			files = (
			);
			runOnlyForDeploymentPostprocessing = 0;
		};
/* End PBXFrameworksBuildPhase section */

/* Begin PBXGroup section */
		6D4F1B7D1BB8437B004149DE = {
			isa = PBXGroup;
			children = (
				6D4F1B881BB8437B004149DE /* LDIO */,
				6D4F1B871BB8437B004149DE /* Products */,
			);
			sourceTree = "<group>";
		};
		6D4F1B871BB8437B004149DE /* Products */ = {
			isa = PBXGroup;
			children = (
				6D4F1B861BB8437B004149DE /* LDIO.app */,
			);
			name = Products;
			sourceTree = "<group>";
		};
		6D4F1B881BB8437B004149DE /* LDIO */ = {
			isa = PBXGroup;
			children = (
				6D4F1B891BB8437B004149DE /* AppDelegate.swift */,
				6D4F1B981BB843A0004149DE /* LegoReader.swift */,
				6D12EBDA1BBA4E8B00D6D49E /* LegoReaderDriver.swift */,
				6D7E2CE01C23B88300EC553A /* TEA.swift */,
				6D7E2CE21C23C24C00EC553A /* ModifiedBurtle.swift */,
				6DC3F1391BC0971D00DB31D5 /* NTAG213.swift */,
				6D0119021BC4BC5F004758FA /* Token.swift */,
				6DC3F13B1BC0BFC600DB31D5 /* NDEF.swift */,
				6DC3F1301BC08C0200DB31D5 /* Command.swift */,
				6DC3F1311BC08C0200DB31D5 /* Report.swift */,
				6DC3F1321BC08C0200DB31D5 /* Response.swift */,
				6DC3F1331BC08C0200DB31D5 /* Update.swift */,
				6D12EBDC1BBA50DC00D6D49E /* Message.swift */,
				6D4F1B8B1BB8437B004149DE /* ViewController.swift */,
				6D4F1B8D1BB8437B004149DE /* Assets.xcassets */,
				6D4F1B8F1BB8437B004149DE /* Main.storyboard */,
				6D4F1B921BB8437B004149DE /* Info.plist */,
				6DC3F1381BC08C1100DB31D5 /* Extensions */,
			);
			path = LDIO;
			sourceTree = "<group>";
		};
		6DC3F1381BC08C1100DB31D5 /* Extensions */ = {
			isa = PBXGroup;
			children = (
				6D5052151BC8B905000D4BCB /* NSColor+hex.swift */,
				6D6549001BBB6D670018500C /* NSData+fromHex.swift */,
				6DF90FB61C44A0D200C4B7B3 /* UInt32+rotate.swift */,
			);
			name = Extensions;
			sourceTree = "<group>";
		};
/* End PBXGroup section */

/* Begin PBXNativeTarget section */
		6D4F1B851BB8437B004149DE /* LDIO */ = {
			isa = PBXNativeTarget;
			buildConfigurationList = 6D4F1B951BB8437B004149DE /* Build configuration list for PBXNativeTarget "LDIO" */;
			buildPhases = (
				6D4F1B821BB8437B004149DE /* Sources */,
				6D4F1B831BB8437B004149DE /* Frameworks */,
				6D4F1B841BB8437B004149DE /* Resources */,
			);
			buildRules = (
			);
			dependencies = (
			);
			name = LDIO;
			productName = LDIO;
			productReference = 6D4F1B861BB8437B004149DE /* LDIO.app */;
			productType = "com.apple.product-type.application";
		};
/* End PBXNativeTarget section */

/* Begin PBXProject section */
		6D4F1B7E1BB8437B004149DE /* Project object */ = {
			isa = PBXProject;
			attributes = {
				LastUpgradeCheck = 0700;
				ORGANIZATIONNAME = "Eric Betts";
				TargetAttributes = {
					6D4F1B851BB8437B004149DE = {
						CreatedOnToolsVersion = 7.0;
					};
				};
			};
			buildConfigurationList = 6D4F1B811BB8437B004149DE /* Build configuration list for PBXProject "LDIO" */;
			compatibilityVersion = "Xcode 3.2";
			developmentRegion = English;
			hasScannedForEncodings = 0;
			knownRegions = (
				en,
				Base,
			);
			mainGroup = 6D4F1B7D1BB8437B004149DE;
			productRefGroup = 6D4F1B871BB8437B004149DE /* Products */;
			projectDirPath = "";
			projectRoot = "";
			targets = (
				6D4F1B851BB8437B004149DE /* LDIO */,
			);
		};
/* End PBXProject section */

/* Begin PBXResourcesBuildPhase section */
		6D4F1B841BB8437B004149DE /* Resources */ = {
			isa = PBXResourcesBuildPhase;
			buildActionMask = 2147483647;
			files = (
				6D4F1B8E1BB8437B004149DE /* Assets.xcassets in Resources */,
				6D4F1B911BB8437B004149DE /* Main.storyboard in Resources */,
			);
			runOnlyForDeploymentPostprocessing = 0;
		};
/* End PBXResourcesBuildPhase section */

/* Begin PBXSourcesBuildPhase section */
		6D4F1B821BB8437B004149DE /* Sources */ = {
			isa = PBXSourcesBuildPhase;
			buildActionMask = 2147483647;
			files = (
				6D6549011BBB6D670018500C /* NSData+fromHex.swift in Sources */,
				6D4F1B991BB843A0004149DE /* LegoReader.swift in Sources */,
				6DC3F1371BC08C0200DB31D5 /* Update.swift in Sources */,
				6D4F1B8C1BB8437B004149DE /* ViewController.swift in Sources */,
				6DF90FB71C44A0D200C4B7B3 /* UInt32+rotate.swift in Sources */,
				6DC3F1351BC08C0200DB31D5 /* Report.swift in Sources */,
				6DC3F1361BC08C0200DB31D5 /* Response.swift in Sources */,
				6D5052161BC8B905000D4BCB /* NSColor+hex.swift in Sources */,
				6DC3F13C1BC0BFC600DB31D5 /* NDEF.swift in Sources */,
				6D12EBDD1BBA50DC00D6D49E /* Message.swift in Sources */,
				6DC3F1341BC08C0200DB31D5 /* Command.swift in Sources */,
				6D4F1B8A1BB8437B004149DE /* AppDelegate.swift in Sources */,
				6D12EBDB1BBA4E8B00D6D49E /* LegoReaderDriver.swift in Sources */,
				6D0119031BC4BC5F004758FA /* Token.swift in Sources */,
				6D7E2CE11C23B88300EC553A /* TEA.swift in Sources */,
				6D7E2CE31C23C24C00EC553A /* ModifiedBurtle.swift in Sources */,
				6DC3F13A1BC0971D00DB31D5 /* NTAG213.swift in Sources */,
			);
			runOnlyForDeploymentPostprocessing = 0;
		};
/* End PBXSourcesBuildPhase section */

/* Begin PBXVariantGroup section */
		6D4F1B8F1BB8437B004149DE /* Main.storyboard */ = {
			isa = PBXVariantGroup;
			children = (
				6D4F1B901BB8437B004149DE /* Base */,
			);
			name = Main.storyboard;
			sourceTree = "<group>";
		};
/* End PBXVariantGroup section */

/* Begin XCBuildConfiguration section */
		6D4F1B931BB8437B004149DE /* Debug */ = {
			isa = XCBuildConfiguration;
			buildSettings = {
				ALWAYS_SEARCH_USER_PATHS = NO;
				CLANG_CXX_LANGUAGE_STANDARD = "gnu++0x";
				CLANG_CXX_LIBRARY = "libc++";
				CLANG_ENABLE_MODULES = YES;
				CLANG_ENABLE_OBJC_ARC = YES;
				CLANG_WARN_BOOL_CONVERSION = YES;
				CLANG_WARN_CONSTANT_CONVERSION = YES;
				CLANG_WARN_DIRECT_OBJC_ISA_USAGE = YES_ERROR;
				CLANG_WARN_EMPTY_BODY = YES;
				CLANG_WARN_ENUM_CONVERSION = YES;
				CLANG_WARN_INT_CONVERSION = YES;
				CLANG_WARN_OBJC_ROOT_CLASS = YES_ERROR;
				CLANG_WARN_UNREACHABLE_CODE = YES;
				CLANG_WARN__DUPLICATE_METHOD_MATCH = YES;
				CODE_SIGN_IDENTITY = "-";
				COPY_PHASE_STRIP = NO;
				DEBUG_INFORMATION_FORMAT = dwarf;
				ENABLE_STRICT_OBJC_MSGSEND = YES;
				ENABLE_TESTABILITY = YES;
				GCC_C_LANGUAGE_STANDARD = gnu99;
				GCC_DYNAMIC_NO_PIC = NO;
				GCC_NO_COMMON_BLOCKS = YES;
				GCC_OPTIMIZATION_LEVEL = 0;
				GCC_PREPROCESSOR_DEFINITIONS = (
					"DEBUG=1",
					"$(inherited)",
				);
				GCC_WARN_64_TO_32_BIT_CONVERSION = YES;
				GCC_WARN_ABOUT_RETURN_TYPE = YES_ERROR;
				GCC_WARN_UNDECLARED_SELECTOR = YES;
				GCC_WARN_UNINITIALIZED_AUTOS = YES_AGGRESSIVE;
				GCC_WARN_UNUSED_FUNCTION = YES;
				GCC_WARN_UNUSED_VARIABLE = YES;
				MACOSX_DEPLOYMENT_TARGET = 10.10;
				MTL_ENABLE_DEBUG_INFO = YES;
				ONLY_ACTIVE_ARCH = YES;
				SDKROOT = macosx;
				SWIFT_OPTIMIZATION_LEVEL = "-Onone";
			};
			name = Debug;
		};
		6D4F1B941BB8437B004149DE /* Release */ = {
			isa = XCBuildConfiguration;
			buildSettings = {
				ALWAYS_SEARCH_USER_PATHS = NO;
				CLANG_CXX_LANGUAGE_STANDARD = "gnu++0x";
				CLANG_CXX_LIBRARY = "libc++";
				CLANG_ENABLE_MODULES = YES;
				CLANG_ENABLE_OBJC_ARC = YES;
				CLANG_WARN_BOOL_CONVERSION = YES;
				CLANG_WARN_CONSTANT_CONVERSION = YES;
				CLANG_WARN_DIRECT_OBJC_ISA_USAGE = YES_ERROR;
				CLANG_WARN_EMPTY_BODY = YES;
				CLANG_WARN_ENUM_CONVERSION = YES;
				CLANG_WARN_INT_CONVERSION = YES;
				CLANG_WARN_OBJC_ROOT_CLASS = YES_ERROR;
				CLANG_WARN_UNREACHABLE_CODE = YES;
				CLANG_WARN__DUPLICATE_METHOD_MATCH = YES;
				CODE_SIGN_IDENTITY = "-";
				COPY_PHASE_STRIP = NO;
				DEBUG_INFORMATION_FORMAT = "dwarf-with-dsym";
				ENABLE_NS_ASSERTIONS = NO;
				ENABLE_STRICT_OBJC_MSGSEND = YES;
				GCC_C_LANGUAGE_STANDARD = gnu99;
				GCC_NO_COMMON_BLOCKS = YES;
				GCC_WARN_64_TO_32_BIT_CONVERSION = YES;
				GCC_WARN_ABOUT_RETURN_TYPE = YES_ERROR;
				GCC_WARN_UNDECLARED_SELECTOR = YES;
				GCC_WARN_UNINITIALIZED_AUTOS = YES_AGGRESSIVE;
				GCC_WARN_UNUSED_FUNCTION = YES;
				GCC_WARN_UNUSED_VARIABLE = YES;
				MACOSX_DEPLOYMENT_TARGET = 10.10;
				MTL_ENABLE_DEBUG_INFO = NO;
				SDKROOT = macosx;
			};
			name = Release;
		};
		6D4F1B961BB8437B004149DE /* Debug */ = {
			isa = XCBuildConfiguration;
			buildSettings = {
				ASSETCATALOG_COMPILER_APPICON_NAME = AppIcon;
				COMBINE_HIDPI_IMAGES = YES;
				INFOPLIST_FILE = LDIO/Info.plist;
				LD_RUNPATH_SEARCH_PATHS = "$(inherited) @executable_path/../Frameworks";
				PRODUCT_BUNDLE_IDENTIFIER = org.ericbetts.LDIO;
				PRODUCT_NAME = "$(TARGET_NAME)";
			};
			name = Debug;
		};
		6D4F1B971BB8437B004149DE /* Release */ = {
			isa = XCBuildConfiguration;
			buildSettings = {
				ASSETCATALOG_COMPILER_APPICON_NAME = AppIcon;
				COMBINE_HIDPI_IMAGES = YES;
				INFOPLIST_FILE = LDIO/Info.plist;
				LD_RUNPATH_SEARCH_PATHS = "$(inherited) @executable_path/../Frameworks";
				PRODUCT_BUNDLE_IDENTIFIER = org.ericbetts.LDIO;
				PRODUCT_NAME = "$(TARGET_NAME)";
			};
			name = Release;
		};
/* End XCBuildConfiguration section */

/* Begin XCConfigurationList section */
		6D4F1B811BB8437B004149DE /* Build configuration list for PBXProject "LDIO" */ = {
			isa = XCConfigurationList;
			buildConfigurations = (
				6D4F1B931BB8437B004149DE /* Debug */,
				6D4F1B941BB8437B004149DE /* Release */,
			);
			defaultConfigurationIsVisible = 0;
			defaultConfigurationName = Release;
		};
		6D4F1B951BB8437B004149DE /* Build configuration list for PBXNativeTarget "LDIO" */ = {
			isa = XCConfigurationList;
			buildConfigurations = (
				6D4F1B961BB8437B004149DE /* Debug */,
				6D4F1B971BB8437B004149DE /* Release */,
			);
			defaultConfigurationIsVisible = 0;
			defaultConfigurationName = Release;
		};
/* End XCConfigurationList section */
	};
	rootObject = 6D4F1B7E1BB8437B004149DE /* Project object */;
}
